{
  "version": 4,
  "terraform_version": "1.10.3",
  "serial": 35,
  "lineage": "9d1d626a-f4d0-bcfd-f01d-2947b524a178",
  "outputs": {},
  "resources": [
    {
      "mode": "managed",
      "type": "time_sleep",
      "name": "project_services",
      "provider": "provider[\"registry.terraform.io/hashicorp/time\"]",
      "instances": [
        {
          "schema_version": 0,
          "attributes": {
            "create_duration": "30s",
            "destroy_duration": null,
            "id": "2025-06-17T19:02:48Z",
            "triggers": null
          },
          "sensitive_attributes": []
        }
      ]
    },
    {
      "module": "module.cicd_pipeline",
      "mode": "data",
      "type": "google_cloud_run_service",
      "name": "default",
      "provider": "provider[\"registry.terraform.io/hashicorp/google\"]",
      "instances": [
        {
          "schema_version": 0,
          "attributes": {
            "autogenerate_revision_name": false,
            "id": "locations/us-central1/namespaces/channel-flow-2/services/channel-flow-svc",
            "location": "us-central1",
            "metadata": [
              {
                "annotations": {
                  "run.googleapis.com/ingress": "all",
                  "run.googleapis.com/ingress-status": "all",
                  "run.googleapis.com/operation-id": "fa9a6ac0-f0b7-4b60-88dd-7bd1146c4576",
                  "run.googleapis.com/urls": "[\"https://channel-flow-svc-501183302486.us-central1.run.app\",\"https://channel-flow-svc-vmadbnbwhq-uc.a.run.app\"]",
                  "serving.knative.dev/creator": "charlene@charsoft.com",
                  "serving.knative.dev/lastModifier": "charlene@charsoft.com"
                },
                "generation": 1,
                "labels": {
                  "cloud.googleapis.com/location": "us-central1"
                },
                "namespace": "channel-flow-2",
                "resource_version": "AAY3yS+KkH8",
                "self_link": "/apis/serving.knative.dev/v1/namespaces/501183302486/services/channel-flow-svc",
                "uid": "58b65c0e-9bad-4d14-a4ca-889280385dc4"
              }
            ],
            "name": "channel-flow-svc",
            "project": "channel-flow-2",
            "status": [
              {
                "conditions": [
                  {
                    "message": "",
                    "reason": "",
                    "status": "True",
                    "type": "Ready"
                  },
                  {
                    "message": "",
                    "reason": "",
                    "status": "True",
                    "type": "ConfigurationsReady"
                  },
                  {
                    "message": "",
                    "reason": "",
                    "status": "True",
                    "type": "RoutesReady"
                  }
                ],
                "latest_created_revision_name": "channel-flow-svc-00001-zww",
                "latest_ready_revision_name": "channel-flow-svc-00001-zww",
                "observed_generation": 1,
                "traffic": [
                  {
                    "latest_revision": true,
                    "percent": 100,
                    "revision_name": "channel-flow-svc-00001-zww",
                    "tag": "",
                    "url": ""
                  }
                ],
                "url": "https://channel-flow-svc-vmadbnbwhq-uc.a.run.app"
              }
            ],
            "template": [
              {
                "metadata": [
                  {
                    "annotations": {
                      "autoscaling.knative.dev/maxScale": "20"
                    },
                    "generation": 0,
                    "labels": {
                      "run.googleapis.com/startupProbeType": "Default"
                    },
                    "name": "",
                    "namespace": "",
                    "resource_version": "",
                    "self_link": "",
                    "uid": ""
                  }
                ],
                "spec": [
                  {
                    "container_concurrency": 80,
                    "containers": [
                      {
                        "args": [],
                        "command": [],
                        "env": [],
                        "env_from": [],
                        "image": "us-docker.pkg.dev/cloudrun/container/hello",
                        "liveness_probe": [],
                        "name": "",
                        "ports": [
                          {
                            "container_port": 8080,
                            "name": "http1",
                            "protocol": ""
                          }
                        ],
                        "resources": [
                          {
                            "limits": {
                              "cpu": "1000m",
                              "memory": "512Mi"
                            },
                            "requests": {}
                          }
                        ],
                        "startup_probe": [
                          {
                            "failure_threshold": 1,
                            "grpc": [],
                            "http_get": [],
                            "initial_delay_seconds": 0,
                            "period_seconds": 240,
                            "tcp_socket": [
                              {
                                "port": 8080
                              }
                            ],
                            "timeout_seconds": 240
                          }
                        ],
                        "volume_mounts": [],
                        "working_dir": ""
                      }
                    ],
                    "service_account_name": "channel-flow-svc-sa@channel-flow-2.iam.gserviceaccount.com",
                    "serving_state": "",
                    "timeout_seconds": 300,
                    "volumes": []
                  }
                ]
              }
            ],
            "traffic": [
              {
                "latest_revision": true,
                "percent": 100,
                "revision_name": "",
                "tag": "",
                "url": ""
              }
            ]
          },
          "sensitive_attributes": []
        }
      ]
    },
    {
      "module": "module.cicd_pipeline",
      "mode": "data",
      "type": "google_service_account",
      "name": "cloud_run",
      "provider": "provider[\"registry.terraform.io/hashicorp/google\"]",
      "instances": [
        {
          "schema_version": 0,
          "attributes": {
            "account_id": "channel-flow-svc-sa",
            "display_name": "Service Account for channel-flow-svc.",
            "email": "channel-flow-svc-sa@channel-flow-2.iam.gserviceaccount.com",
            "id": "projects/channel-flow-2/serviceAccounts/channel-flow-svc-sa@channel-flow-2.iam.gserviceaccount.com",
            "member": "serviceAccount:channel-flow-svc-sa@channel-flow-2.iam.gserviceaccount.com",
            "name": "projects/channel-flow-2/serviceAccounts/channel-flow-svc-sa@channel-flow-2.iam.gserviceaccount.com",
            "project": "channel-flow-2",
            "unique_id": "105554356436004530366"
          },
          "sensitive_attributes": []
        }
      ]
    },
    {
      "module": "module.cicd_pipeline",
      "mode": "managed",
      "type": "google_artifact_registry_repository",
      "name": "default",
      "provider": "provider[\"registry.terraform.io/hashicorp/google\"]",
      "instances": [
        {
          "schema_version": 0,
          "attributes": {
            "create_time": "2025-06-17T19:02:50.087901Z",
            "description": "Dev journey artifact registry repo.",
            "docker_config": [],
            "format": "DOCKER",
            "id": "projects/channel-flow-2/locations/us-central1/repositories/channel-flow-repo",
            "kms_key_name": "",
            "labels": {},
            "location": "us-central1",
            "maven_config": [],
            "mode": "STANDARD_REPOSITORY",
            "name": "channel-flow-repo",
            "project": "channel-flow-2",
            "remote_repository_config": [],
            "repository_id": "channel-flow-repo",
            "timeouts": null,
            "update_time": "2025-06-17T19:02:50.087901Z",
            "virtual_repository_config": []
          },
          "sensitive_attributes": [],
          "private": "eyJlMmJmYjczMC1lY2FhLTExZTYtOGY4OC0zNDM2M2JjN2M0YzAiOnsiY3JlYXRlIjoxMjAwMDAwMDAwMDAwLCJkZWxldGUiOjEyMDAwMDAwMDAwMDAsInVwZGF0ZSI6MTIwMDAwMDAwMDAwMH19",
          "dependencies": [
            "time_sleep.project_services"
          ]
        }
      ]
    },
    {
      "module": "module.cicd_pipeline",
      "mode": "managed",
      "type": "google_cloudbuild_trigger",
      "name": "app_new_build",
      "provider": "provider[\"registry.terraform.io/hashicorp/google\"]",
      "instances": [
        {
          "schema_version": 2,
          "attributes": {
            "approval_config": [
              {
                "approval_required": false
              }
            ],
            "bitbucket_server_trigger_config": [],
            "build": [
              {
                "artifacts": [],
                "available_secrets": [],
                "images": [
                  "us-central1-docker.pkg.dev/channel-flow-2/channel-flow-repo/app:${SHORT_SHA}"
                ],
                "logs_bucket": "",
                "options": [
                  {
                    "disk_size_gb": 0,
                    "dynamic_substitutions": false,
                    "env": null,
                    "log_streaming_option": "",
                    "logging": "CLOUD_LOGGING_ONLY",
                    "machine_type": "",
                    "requested_verify_option": "",
                    "secret_env": null,
                    "source_provenance_hash": null,
                    "substitution_option": "",
                    "volumes": [],
                    "worker_pool": ""
                  }
                ],
                "queue_ttl": "",
                "secret": [],
                "source": [],
                "step": [
                  {
                    "allow_exit_codes": null,
                    "allow_failure": false,
                    "args": [
                      "build",
                      "-t",
                      "$_IMAGE:$SHORT_SHA",
                      "."
                    ],
                    "dir": "",
                    "entrypoint": "",
                    "env": null,
                    "id": "",
                    "name": "gcr.io/cloud-builders/docker",
                    "script": "",
                    "secret_env": null,
                    "timeout": "",
                    "timing": "",
                    "volumes": [],
                    "wait_for": null
                  }
                ],
                "substitutions": {
                  "_IMAGE": "us-central1-docker.pkg.dev/channel-flow-2/channel-flow-repo/app"
                },
                "tags": [],
                "timeout": "600s"
              }
            ],
            "create_time": "2025-06-17T19:50:58.251305941Z",
            "description": "Initiates new build of channel-flow-svc. Triggers by changes to app on main branch of source repo.",
            "disabled": false,
            "filename": "",
            "filter": "",
            "git_file_source": [],
            "github": [
              {
                "enterprise_config_resource_name": "",
                "name": "channelFlow",
                "owner": "charsoft",
                "pull_request": [],
                "push": [
                  {
                    "branch": "^main$",
                    "invert_regex": false,
                    "tag": ""
                  }
                ]
              }
            ],
            "id": "projects/channel-flow-2/locations/us-central1/triggers/a28e0b6d-f455-4100-a47b-5356d3b0945c",
            "ignored_files": null,
            "include_build_logs": "",
            "included_files": [
              "src/**"
            ],
            "location": "us-central1",
            "name": "channel-flow-app-build",
            "project": "channel-flow-2",
            "pubsub_config": [],
            "repository_event_config": [],
            "service_account": "projects/channel-flow-2/serviceAccounts/channel-flow-svc-builder@channel-flow-2.iam.gserviceaccount.com",
            "source_to_build": [],
            "substitutions": null,
            "tags": null,
            "timeouts": null,
            "trigger_id": "a28e0b6d-f455-4100-a47b-5356d3b0945c",
            "trigger_template": [],
            "webhook_config": []
          },
          "sensitive_attributes": [],
          "private": "eyJlMmJmYjczMC1lY2FhLTExZTYtOGY4OC0zNDM2M2JjN2M0YzAiOnsiY3JlYXRlIjoxMjAwMDAwMDAwMDAwLCJkZWxldGUiOjEyMDAwMDAwMDAwMDAsInVwZGF0ZSI6MTIwMDAwMDAwMDAwMH0sInNjaGVtYV92ZXJzaW9uIjoiMiJ9",
          "dependencies": [
            "module.cicd_pipeline.google_artifact_registry_repository.default",
            "module.cicd_pipeline.google_service_account.cloud_build",
            "module.run_service.google_cloud_run_service.default",
            "module.run_service.google_service_account.run",
            "time_sleep.project_services"
          ]
        }
      ]
    },
    {
      "module": "module.cicd_pipeline",
      "mode": "managed",
      "type": "google_cloudbuild_trigger",
      "name": "app_new_release",
      "provider": "provider[\"registry.terraform.io/hashicorp/google\"]",
      "instances": [
        {
          "schema_version": 2,
          "attributes": {
            "approval_config": [
              {
                "approval_required": false
              }
            ],
            "bitbucket_server_trigger_config": [],
            "build": [
              {
                "artifacts": [],
                "available_secrets": [],
                "images": [],
                "logs_bucket": "",
                "options": [
                  {
                    "disk_size_gb": 0,
                    "dynamic_substitutions": false,
                    "env": [],
                    "log_streaming_option": "",
                    "logging": "CLOUD_LOGGING_ONLY",
                    "machine_type": "",
                    "requested_verify_option": "",
                    "secret_env": [],
                    "source_provenance_hash": [],
                    "substitution_option": "",
                    "volumes": [],
                    "worker_pool": ""
                  }
                ],
                "queue_ttl": "",
                "secret": [],
                "source": [],
                "step": [
                  {
                    "allow_exit_codes": [],
                    "allow_failure": false,
                    "args": [
                      "-c",
                      "echo \"${_SKAFFOLD_CONFIG}\" \u003e /workspace/skaffold.yaml\n"
                    ],
                    "dir": "",
                    "entrypoint": "bash",
                    "env": [],
                    "id": "Skaffold yaml config",
                    "name": "ubuntu",
                    "script": "",
                    "secret_env": [],
                    "timeout": "",
                    "timing": "",
                    "volumes": [],
                    "wait_for": []
                  },
                  {
                    "allow_exit_codes": [],
                    "allow_failure": false,
                    "args": [
                      "-c",
                      "echo \"${_RUN_CONFIG}\" \u003e /workspace/app-prod.yaml\n"
                    ],
                    "dir": "",
                    "entrypoint": "bash",
                    "env": [],
                    "id": "Run yaml config",
                    "name": "ubuntu",
                    "script": "",
                    "secret_env": [],
                    "timeout": "",
                    "timing": "",
                    "volumes": [],
                    "wait_for": []
                  },
                  {
                    "allow_exit_codes": [],
                    "allow_failure": false,
                    "args": [
                      "-c",
                      "gcloud deploy releases create app-release-$(echo ${BUILD_ID} | cut -f1 -d'-') \\\n--project=${PROJECT_ID} \\\n--region=${_REGION} \\\n--delivery-pipeline=${_PIPELINE_NAME} \\\n--images=app-image=${_IMAGE}:${SHORT_SHA}"
                    ],
                    "dir": "",
                    "entrypoint": "bash",
                    "env": [],
                    "id": "Create new release on Cloud Deploy",
                    "name": "gcr.io/cloud-builders/gcloud",
                    "script": "",
                    "secret_env": [],
                    "timeout": "",
                    "timing": "",
                    "volumes": [],
                    "wait_for": []
                  }
                ],
                "substitutions": {
                  "_IMAGE": "us-central1-docker.pkg.dev/channel-flow-2/channel-flow-repo/app",
                  "_PIPELINE_NAME": "channel-flow-delivery",
                  "_REGION": "us-central1",
                  "_RUN_CONFIG": "apiVersion: serving.knative.dev/v1\r\nkind: Service\r\nmetadata:\r\n  name: channel-flow-svc\r\nspec:\r\n  template:\r\n    spec:\r\n      containers:\r\n      - image: app-image\r\n        env:\r\n        - name: PROJECT_ID\r\n          value:  channel-flow-2\r\n        - name: NEXTAUTH_SECRET\r\n          valueFrom:\r\n            secretKeyRef:\r\n              key: latest\r\n              name: channel-flow-svc-nextauth-secret\r\n      serviceAccountName: channel-flow-svc-sa@channel-flow-2.iam.gserviceaccount.com",
                  "_RUN_SERVICE_NAME": "channel-flow-svc",
                  "_SKAFFOLD_CONFIG": "apiVersion: skaffold/v3alpha1\r\nkind: Config\r\nmetadata: \r\n  name: channel-flow-svc\r\nprofiles:\r\n- name: prod\r\n  manifests:\r\n    rawYaml:\r\n    - app-prod.yaml\r\ndeploy:\r\n  cloudrun: {}"
                },
                "tags": [],
                "timeout": "600s"
              }
            ],
            "create_time": "2025-06-17T19:13:33.824656354Z",
            "description": "Triggers on any new build pushed to Artifact Registry. Creates a new release in Cloud Deploy.",
            "disabled": false,
            "filename": "",
            "filter": "",
            "git_file_source": [],
            "github": [],
            "id": "projects/channel-flow-2/triggers/beebf418-d217-4510-b736-b67f25e7f2e6",
            "ignored_files": [],
            "include_build_logs": "",
            "included_files": [],
            "location": "global",
            "name": "channel-flow-new-release",
            "project": "channel-flow-2",
            "pubsub_config": [
              {
                "service_account_email": "",
                "state": "",
                "subscription": "projects/501183302486/subscriptions/gcb-channel-flow-new-release",
                "topic": "projects/channel-flow-2/topics/gcr"
              }
            ],
            "repository_event_config": [],
            "service_account": "projects/channel-flow-2/serviceAccounts/channel-flow-svc-builder@channel-flow-2.iam.gserviceaccount.com",
            "source_to_build": [
              {
                "bitbucket_server_config": "",
                "github_enterprise_config": "",
                "ref": "refs/heads/main",
                "repo_type": "GITHUB",
                "repository": "",
                "uri": "https://github.com/charsoft/channelFlow.git"
              }
            ],
            "substitutions": {},
            "tags": [],
            "timeouts": null,
            "trigger_id": "beebf418-d217-4510-b736-b67f25e7f2e6",
            "trigger_template": [],
            "webhook_config": []
          },
          "sensitive_attributes": [],
          "private": "eyJlMmJmYjczMC1lY2FhLTExZTYtOGY4OC0zNDM2M2JjN2M0YzAiOnsiY3JlYXRlIjoxMjAwMDAwMDAwMDAwLCJkZWxldGUiOjEyMDAwMDAwMDAwMDAsInVwZGF0ZSI6MTIwMDAwMDAwMDAwMH0sInNjaGVtYV92ZXJzaW9uIjoiMiJ9",
          "dependencies": [
            "module.cicd_pipeline.google_artifact_registry_repository.default",
            "module.cicd_pipeline.google_clouddeploy_delivery_pipeline.default",
            "module.cicd_pipeline.google_clouddeploy_target.prod",
            "module.cicd_pipeline.google_pubsub_topic.gcr",
            "module.cicd_pipeline.google_service_account.cloud_build",
            "module.cicd_pipeline.google_service_account.cloud_deploy",
            "module.run_service.google_cloud_run_service.default",
            "module.run_service.google_service_account.run",
            "time_sleep.project_services"
          ]
        }
      ]
    },
    {
      "module": "module.cicd_pipeline",
      "mode": "managed",
      "type": "google_clouddeploy_delivery_pipeline",
      "name": "default",
      "provider": "provider[\"registry.terraform.io/hashicorp/google\"]",
      "instances": [
        {
          "schema_version": 0,
          "attributes": {
            "annotations": {},
            "condition": [],
            "create_time": "2025-06-17T19:04:55.201125712Z",
            "description": "Basic delivery pipeline for channel-flow-svc app.",
            "etag": "c2c6e070fc3eddd4",
            "id": "projects/channel-flow-2/locations/us-central1/deliveryPipelines/channel-flow-delivery",
            "labels": {},
            "location": "us-central1",
            "name": "channel-flow-delivery",
            "project": "channel-flow-2",
            "serial_pipeline": [
              {
                "stages": [
                  {
                    "deploy_parameters": [],
                    "profiles": [
                      "prod"
                    ],
                    "strategy": [],
                    "target_id": "channel-flow-prod-target"
                  }
                ]
              }
            ],
            "suspended": false,
            "timeouts": null,
            "uid": "29fd8ff26a3d402da43ad670f529b816",
            "update_time": "2025-06-17T19:04:55.445079957Z"
          },
          "sensitive_attributes": [],
          "private": "eyJlMmJmYjczMC1lY2FhLTExZTYtOGY4OC0zNDM2M2JjN2M0YzAiOnsiY3JlYXRlIjoxMjAwMDAwMDAwMDAwLCJkZWxldGUiOjEyMDAwMDAwMDAwMDAsInVwZGF0ZSI6MTIwMDAwMDAwMDAwMH19",
          "dependencies": [
            "module.cicd_pipeline.google_clouddeploy_target.prod",
            "module.cicd_pipeline.google_service_account.cloud_deploy",
            "module.run_service.google_cloud_run_service.default",
            "module.run_service.google_service_account.run",
            "time_sleep.project_services"
          ]
        }
      ]
    },
    {
      "module": "module.cicd_pipeline",
      "mode": "managed",
      "type": "google_clouddeploy_target",
      "name": "prod",
      "provider": "provider[\"registry.terraform.io/hashicorp/google\"]",
      "instances": [
        {
          "schema_version": 0,
          "attributes": {
            "annotations": {},
            "anthos_cluster": [],
            "create_time": "2025-06-17T19:04:53.299882809Z",
            "deploy_parameters": {},
            "description": "Prod target for channel-flow-svc app.",
            "etag": "71de41e2c64e55ee",
            "execution_configs": [
              {
                "artifact_storage": "gs://us-central1.deploy-artifacts.channel-flow-2.appspot.com",
                "execution_timeout": "3600s",
                "service_account": "channel-flow-svc-deployer@channel-flow-2.iam.gserviceaccount.com",
                "usages": [
                  "RENDER",
                  "DEPLOY",
                  "VERIFY"
                ],
                "worker_pool": ""
              }
            ],
            "gke": [],
            "id": "projects/channel-flow-2/locations/us-central1/targets/channel-flow-prod-target",
            "labels": {},
            "location": "us-central1",
            "multi_target": [],
            "name": "channel-flow-prod-target",
            "project": "channel-flow-2",
            "require_approval": true,
            "run": [
              {
                "location": "projects/channel-flow-2/locations/us-central1"
              }
            ],
            "target_id": "channel-flow-prod-target",
            "timeouts": null,
            "uid": "6084439cef3541088b835460f3c37882",
            "update_time": "2025-06-17T19:04:53.591046454Z"
          },
          "sensitive_attributes": [],
          "private": "eyJlMmJmYjczMC1lY2FhLTExZTYtOGY4OC0zNDM2M2JjN2M0YzAiOnsiY3JlYXRlIjoxMjAwMDAwMDAwMDAwLCJkZWxldGUiOjEyMDAwMDAwMDAwMDAsInVwZGF0ZSI6MTIwMDAwMDAwMDAwMH19",
          "dependencies": [
            "module.cicd_pipeline.google_service_account.cloud_deploy",
            "module.run_service.google_cloud_run_service.default",
            "module.run_service.google_service_account.run",
            "time_sleep.project_services"
          ]
        }
      ]
    },
    {
      "module": "module.cicd_pipeline",
      "mode": "managed",
      "type": "google_project_iam_member",
      "name": "builder_builds_builder",
      "provider": "provider[\"registry.terraform.io/hashicorp/google\"]",
      "instances": [
        {
          "schema_version": 0,
          "attributes": {
            "condition": [],
            "etag": "BwY3yU8ezIs=",
            "id": "channel-flow-2/roles/cloudbuild.builds.builder/serviceAccount:channel-flow-svc-builder@channel-flow-2.iam.gserviceaccount.com",
            "member": "serviceAccount:channel-flow-svc-builder@channel-flow-2.iam.gserviceaccount.com",
            "project": "channel-flow-2",
            "role": "roles/cloudbuild.builds.builder"
          },
          "sensitive_attributes": [],
          "private": "bnVsbA==",
          "dependencies": [
            "module.cicd_pipeline.google_service_account.cloud_build",
            "module.run_service.google_cloud_run_service.default",
            "module.run_service.google_service_account.run"
          ]
        }
      ]
    },
    {
      "module": "module.cicd_pipeline",
      "mode": "managed",
      "type": "google_project_iam_member",
      "name": "builder_deploy_admin",
      "provider": "provider[\"registry.terraform.io/hashicorp/google\"]",
      "instances": [
        {
          "schema_version": 0,
          "attributes": {
            "condition": [],
            "etag": "BwY3yU8ezIs=",
            "id": "channel-flow-2/roles/clouddeploy.admin/serviceAccount:channel-flow-svc-builder@channel-flow-2.iam.gserviceaccount.com",
            "member": "serviceAccount:channel-flow-svc-builder@channel-flow-2.iam.gserviceaccount.com",
            "project": "channel-flow-2",
            "role": "roles/clouddeploy.admin"
          },
          "sensitive_attributes": [],
          "private": "bnVsbA==",
          "dependencies": [
            "module.cicd_pipeline.google_service_account.cloud_build",
            "module.run_service.google_cloud_run_service.default",
            "module.run_service.google_service_account.run"
          ]
        }
      ]
    },
    {
      "module": "module.cicd_pipeline",
      "mode": "managed",
      "type": "google_project_iam_member",
      "name": "builder_logwriter",
      "provider": "provider[\"registry.terraform.io/hashicorp/google\"]",
      "instances": [
        {
          "schema_version": 0,
          "attributes": {
            "condition": [],
            "etag": "BwY3yU8ezIs=",
            "id": "channel-flow-2/roles/logging.logWriter/serviceAccount:channel-flow-svc-builder@channel-flow-2.iam.gserviceaccount.com",
            "member": "serviceAccount:channel-flow-svc-builder@channel-flow-2.iam.gserviceaccount.com",
            "project": "channel-flow-2",
            "role": "roles/logging.logWriter"
          },
          "sensitive_attributes": [],
          "private": "bnVsbA==",
          "dependencies": [
            "module.cicd_pipeline.google_service_account.cloud_build",
            "module.run_service.google_cloud_run_service.default",
            "module.run_service.google_service_account.run"
          ]
        }
      ]
    },
    {
      "module": "module.cicd_pipeline",
      "mode": "managed",
      "type": "google_project_iam_member",
      "name": "builder_run_developer",
      "provider": "provider[\"registry.terraform.io/hashicorp/google\"]",
      "instances": [
        {
          "schema_version": 0,
          "attributes": {
            "condition": [],
            "etag": "BwY3yU8ezIs=",
            "id": "channel-flow-2/roles/run.developer/serviceAccount:channel-flow-svc-builder@channel-flow-2.iam.gserviceaccount.com",
            "member": "serviceAccount:channel-flow-svc-builder@channel-flow-2.iam.gserviceaccount.com",
            "project": "channel-flow-2",
            "role": "roles/run.developer"
          },
          "sensitive_attributes": [],
          "private": "bnVsbA==",
          "dependencies": [
            "module.cicd_pipeline.google_service_account.cloud_build",
            "module.run_service.google_cloud_run_service.default",
            "module.run_service.google_service_account.run"
          ]
        }
      ]
    },
    {
      "module": "module.cicd_pipeline",
      "mode": "managed",
      "type": "google_project_iam_member",
      "name": "builder_sa_user",
      "provider": "provider[\"registry.terraform.io/hashicorp/google\"]",
      "instances": [
        {
          "schema_version": 0,
          "attributes": {
            "condition": [],
            "etag": "BwY3yU8ezIs=",
            "id": "channel-flow-2/roles/iam.serviceAccountUser/serviceAccount:channel-flow-svc-builder@channel-flow-2.iam.gserviceaccount.com",
            "member": "serviceAccount:channel-flow-svc-builder@channel-flow-2.iam.gserviceaccount.com",
            "project": "channel-flow-2",
            "role": "roles/iam.serviceAccountUser"
          },
          "sensitive_attributes": [],
          "private": "bnVsbA==",
          "dependencies": [
            "module.cicd_pipeline.google_service_account.cloud_build",
            "module.run_service.google_cloud_run_service.default",
            "module.run_service.google_service_account.run"
          ]
        }
      ]
    },
    {
      "module": "module.cicd_pipeline",
      "mode": "managed",
      "type": "google_project_iam_member",
      "name": "deploy_job_runner",
      "provider": "provider[\"registry.terraform.io/hashicorp/google\"]",
      "instances": [
        {
          "schema_version": 0,
          "attributes": {
            "condition": [],
            "etag": "BwY3yU8ezIs=",
            "id": "channel-flow-2/roles/clouddeploy.jobRunner/serviceAccount:channel-flow-svc-deployer@channel-flow-2.iam.gserviceaccount.com",
            "member": "serviceAccount:channel-flow-svc-deployer@channel-flow-2.iam.gserviceaccount.com",
            "project": "channel-flow-2",
            "role": "roles/clouddeploy.jobRunner"
          },
          "sensitive_attributes": [],
          "private": "bnVsbA==",
          "dependencies": [
            "module.cicd_pipeline.google_service_account.cloud_deploy",
            "module.run_service.google_cloud_run_service.default",
            "module.run_service.google_service_account.run"
          ]
        }
      ]
    },
    {
      "module": "module.cicd_pipeline",
      "mode": "managed",
      "type": "google_project_iam_member",
      "name": "deploy_run_admin",
      "provider": "provider[\"registry.terraform.io/hashicorp/google\"]",
      "instances": [
        {
          "schema_version": 0,
          "attributes": {
            "condition": [],
            "etag": "BwY3yU8ezIs=",
            "id": "channel-flow-2/roles/run.admin/serviceAccount:channel-flow-svc-deployer@channel-flow-2.iam.gserviceaccount.com",
            "member": "serviceAccount:channel-flow-svc-deployer@channel-flow-2.iam.gserviceaccount.com",
            "project": "channel-flow-2",
            "role": "roles/run.admin"
          },
          "sensitive_attributes": [],
          "private": "bnVsbA==",
          "dependencies": [
            "module.cicd_pipeline.google_service_account.cloud_deploy",
            "module.run_service.google_cloud_run_service.default",
            "module.run_service.google_service_account.run"
          ]
        }
      ]
    },
    {
      "module": "module.cicd_pipeline",
      "mode": "managed",
      "type": "google_pubsub_topic",
      "name": "gcr",
      "provider": "provider[\"registry.terraform.io/hashicorp/google\"]",
      "instances": [
        {
          "schema_version": 0,
          "attributes": {
            "id": "projects/channel-flow-2/topics/gcr",
            "kms_key_name": "",
            "labels": {},
            "message_retention_duration": "",
            "message_storage_policy": [],
            "name": "gcr",
            "project": "channel-flow-2",
            "schema_settings": [],
            "timeouts": null
          },
          "sensitive_attributes": [],
          "private": "eyJlMmJmYjczMC1lY2FhLTExZTYtOGY4OC0zNDM2M2JjN2M0YzAiOnsiY3JlYXRlIjoxMjAwMDAwMDAwMDAwLCJkZWxldGUiOjEyMDAwMDAwMDAwMDAsInVwZGF0ZSI6MTIwMDAwMDAwMDAwMH19"
        }
      ]
    },
    {
      "module": "module.cicd_pipeline",
      "mode": "managed",
      "type": "google_service_account",
      "name": "cloud_build",
      "provider": "provider[\"registry.terraform.io/hashicorp/google\"]",
      "instances": [
        {
          "schema_version": 0,
          "attributes": {
            "account_id": "channel-flow-svc-builder",
            "description": "",
            "disabled": false,
            "display_name": "Service Account for Cloud Build deployment to Cloud Run.",
            "email": "channel-flow-svc-builder@channel-flow-2.iam.gserviceaccount.com",
            "id": "projects/channel-flow-2/serviceAccounts/channel-flow-svc-builder@channel-flow-2.iam.gserviceaccount.com",
            "member": "serviceAccount:channel-flow-svc-builder@channel-flow-2.iam.gserviceaccount.com",
            "name": "projects/channel-flow-2/serviceAccounts/channel-flow-svc-builder@channel-flow-2.iam.gserviceaccount.com",
            "project": "channel-flow-2",
            "timeouts": {
              "create": null
            },
            "unique_id": "108553676766322417386"
          },
          "sensitive_attributes": [],
          "private": "eyJlMmJmYjczMC1lY2FhLTExZTYtOGY4OC0zNDM2M2JjN2M0YzAiOnsiY3JlYXRlIjozMDAwMDAwMDAwMDB9LCJzY2hlbWFfdmVyc2lvbiI6IjAifQ==",
          "dependencies": [
            "module.run_service.google_cloud_run_service.default",
            "module.run_service.google_service_account.run"
          ]
        }
      ]
    },
    {
      "module": "module.cicd_pipeline",
      "mode": "managed",
      "type": "google_service_account",
      "name": "cloud_deploy",
      "provider": "provider[\"registry.terraform.io/hashicorp/google\"]",
      "instances": [
        {
          "schema_version": 0,
          "attributes": {
            "account_id": "channel-flow-svc-deployer",
            "description": "",
            "disabled": false,
            "display_name": "Service Account for Cloud Deploy deployment to Cloud Run.",
            "email": "channel-flow-svc-deployer@channel-flow-2.iam.gserviceaccount.com",
            "id": "projects/channel-flow-2/serviceAccounts/channel-flow-svc-deployer@channel-flow-2.iam.gserviceaccount.com",
            "member": "serviceAccount:channel-flow-svc-deployer@channel-flow-2.iam.gserviceaccount.com",
            "name": "projects/channel-flow-2/serviceAccounts/channel-flow-svc-deployer@channel-flow-2.iam.gserviceaccount.com",
            "project": "channel-flow-2",
            "timeouts": null,
            "unique_id": "114431164479438002534"
          },
          "sensitive_attributes": [],
          "private": "eyJlMmJmYjczMC1lY2FhLTExZTYtOGY4OC0zNDM2M2JjN2M0YzAiOnsiY3JlYXRlIjozMDAwMDAwMDAwMDB9fQ==",
          "dependencies": [
            "module.run_service.google_cloud_run_service.default",
            "module.run_service.google_service_account.run"
          ]
        }
      ]
    },
    {
      "module": "module.cicd_pipeline",
      "mode": "managed",
      "type": "google_service_account_iam_binding",
      "name": "deploy_sa_user_run",
      "provider": "provider[\"registry.terraform.io/hashicorp/google\"]",
      "instances": [
        {
          "schema_version": 0,
          "attributes": {
            "condition": [],
            "etag": "BwY3yTgwKHY=",
            "id": "projects/channel-flow-2/serviceAccounts/channel-flow-svc-sa@channel-flow-2.iam.gserviceaccount.com/roles/iam.serviceAccountUser",
            "members": [
              "serviceAccount:channel-flow-svc-deployer@channel-flow-2.iam.gserviceaccount.com"
            ],
            "role": "roles/iam.serviceAccountUser",
            "service_account_id": "projects/channel-flow-2/serviceAccounts/channel-flow-svc-sa@channel-flow-2.iam.gserviceaccount.com"
          },
          "sensitive_attributes": [],
          "private": "bnVsbA==",
          "dependencies": [
            "module.cicd_pipeline.data.google_service_account.cloud_run",
            "module.cicd_pipeline.google_service_account.cloud_deploy",
            "module.run_service.google_cloud_run_service.default",
            "module.run_service.google_service_account.run"
          ]
        }
      ]
    },
    {
      "module": "module.cicd_pipeline",
      "mode": "managed",
      "type": "time_sleep",
      "name": "project_services",
      "provider": "provider[\"registry.terraform.io/hashicorp/time\"]",
      "instances": [
        {
          "schema_version": 0,
          "attributes": {
            "create_duration": "45s",
            "destroy_duration": null,
            "id": "2025-06-17T19:03:25Z",
            "triggers": null
          },
          "sensitive_attributes": [],
          "dependencies": [
            "module.cicd_pipeline.module.project_services.data.google_compute_default_service_account.default",
            "module.cicd_pipeline.module.project_services.google_project_iam_member.project_service_identity_roles",
            "module.cicd_pipeline.module.project_services.google_project_service.project_services",
            "module.cicd_pipeline.module.project_services.google_project_service_identity.project_service_identities"
          ]
        }
      ]
    },
    {
      "module": "module.cicd_pipeline.module.project_services",
      "mode": "managed",
      "type": "google_project_service",
      "name": "project_services",
      "provider": "provider[\"registry.terraform.io/hashicorp/google\"]",
      "instances": [
        {
          "index_key": "artifactregistry.googleapis.com",
          "schema_version": 0,
          "attributes": {
            "disable_dependent_services": true,
            "disable_on_destroy": false,
            "id": "channel-flow-2/artifactregistry.googleapis.com",
            "project": "channel-flow-2",
            "service": "artifactregistry.googleapis.com",
            "timeouts": null
          },
          "sensitive_attributes": [],
          "private": "eyJlMmJmYjczMC1lY2FhLTExZTYtOGY4OC0zNDM2M2JjN2M0YzAiOnsiY3JlYXRlIjoxMjAwMDAwMDAwMDAwLCJkZWxldGUiOjEyMDAwMDAwMDAwMDAsInJlYWQiOjYwMDAwMDAwMDAwMCwidXBkYXRlIjoxMjAwMDAwMDAwMDAwfX0="
        },
        {
          "index_key": "cloudbuild.googleapis.com",
          "schema_version": 0,
          "attributes": {
            "disable_dependent_services": true,
            "disable_on_destroy": false,
            "id": "channel-flow-2/cloudbuild.googleapis.com",
            "project": "channel-flow-2",
            "service": "cloudbuild.googleapis.com",
            "timeouts": null
          },
          "sensitive_attributes": [],
          "private": "eyJlMmJmYjczMC1lY2FhLTExZTYtOGY4OC0zNDM2M2JjN2M0YzAiOnsiY3JlYXRlIjoxMjAwMDAwMDAwMDAwLCJkZWxldGUiOjEyMDAwMDAwMDAwMDAsInJlYWQiOjYwMDAwMDAwMDAwMCwidXBkYXRlIjoxMjAwMDAwMDAwMDAwfX0="
        },
        {
          "index_key": "clouddeploy.googleapis.com",
          "schema_version": 0,
          "attributes": {
            "disable_dependent_services": true,
            "disable_on_destroy": false,
            "id": "channel-flow-2/clouddeploy.googleapis.com",
            "project": "channel-flow-2",
            "service": "clouddeploy.googleapis.com",
            "timeouts": null
          },
          "sensitive_attributes": [],
          "private": "eyJlMmJmYjczMC1lY2FhLTExZTYtOGY4OC0zNDM2M2JjN2M0YzAiOnsiY3JlYXRlIjoxMjAwMDAwMDAwMDAwLCJkZWxldGUiOjEyMDAwMDAwMDAwMDAsInJlYWQiOjYwMDAwMDAwMDAwMCwidXBkYXRlIjoxMjAwMDAwMDAwMDAwfX0="
        }
      ]
    },
    {
      "module": "module.run_service",
      "mode": "managed",
      "type": "google_cloud_run_service",
      "name": "default",
      "provider": "provider[\"registry.terraform.io/hashicorp/google\"]",
      "instances": [
        {
          "schema_version": 1,
          "attributes": {
            "autogenerate_revision_name": false,
            "id": "locations/us-central1/namespaces/channel-flow-2/services/channel-flow-svc",
            "location": "us-central1",
            "metadata": [
              {
                "annotations": {
                  "run.googleapis.com/ingress": "all",
                  "run.googleapis.com/ingress-status": "all",
                  "run.googleapis.com/operation-id": "fa9a6ac0-f0b7-4b60-88dd-7bd1146c4576",
                  "run.googleapis.com/urls": "[\"https://channel-flow-svc-501183302486.us-central1.run.app\",\"https://channel-flow-svc-vmadbnbwhq-uc.a.run.app\"]",
                  "serving.knative.dev/creator": "charlene@charsoft.com",
                  "serving.knative.dev/lastModifier": "charlene@charsoft.com"
                },
                "generation": 1,
                "labels": {
                  "cloud.googleapis.com/location": "us-central1"
                },
                "namespace": "channel-flow-2",
                "resource_version": "AAY3yS+KkH8",
                "self_link": "/apis/serving.knative.dev/v1/namespaces/501183302486/services/channel-flow-svc",
                "uid": "58b65c0e-9bad-4d14-a4ca-889280385dc4"
              }
            ],
            "name": "channel-flow-svc",
            "project": "channel-flow-2",
            "status": [
              {
                "conditions": [
                  {
                    "message": "",
                    "reason": "",
                    "status": "True",
                    "type": "Ready"
                  },
                  {
                    "message": "",
                    "reason": "",
                    "status": "True",
                    "type": "ConfigurationsReady"
                  },
                  {
                    "message": "",
                    "reason": "",
                    "status": "True",
                    "type": "RoutesReady"
                  }
                ],
                "latest_created_revision_name": "channel-flow-svc-00001-zww",
                "latest_ready_revision_name": "channel-flow-svc-00001-zww",
                "observed_generation": 1,
                "traffic": [
                  {
                    "latest_revision": true,
                    "percent": 100,
                    "revision_name": "channel-flow-svc-00001-zww",
                    "tag": "",
                    "url": ""
                  }
                ],
                "url": "https://channel-flow-svc-vmadbnbwhq-uc.a.run.app"
              }
            ],
            "template": [
              {
                "metadata": [
                  {
                    "annotations": {
                      "autoscaling.knative.dev/maxScale": "20"
                    },
                    "generation": 0,
                    "labels": {
                      "run.googleapis.com/startupProbeType": "Default"
                    },
                    "name": "",
                    "namespace": "",
                    "resource_version": "",
                    "self_link": "",
                    "uid": ""
                  }
                ],
                "spec": [
                  {
                    "container_concurrency": 80,
                    "containers": [
                      {
                        "args": [],
                        "command": [],
                        "env": [],
                        "env_from": [],
                        "image": "us-docker.pkg.dev/cloudrun/container/hello",
                        "liveness_probe": [],
                        "name": "",
                        "ports": [
                          {
                            "container_port": 8080,
                            "name": "http1",
                            "protocol": ""
                          }
                        ],
                        "resources": [
                          {
                            "limits": {
                              "cpu": "1000m",
                              "memory": "512Mi"
                            },
                            "requests": {}
                          }
                        ],
                        "startup_probe": [
                          {
                            "failure_threshold": 1,
                            "grpc": [],
                            "http_get": [],
                            "initial_delay_seconds": 0,
                            "period_seconds": 240,
                            "tcp_socket": [
                              {
                                "port": 8080
                              }
                            ],
                            "timeout_seconds": 240
                          }
                        ],
                        "volume_mounts": [],
                        "working_dir": ""
                      }
                    ],
                    "service_account_name": "channel-flow-svc-sa@channel-flow-2.iam.gserviceaccount.com",
                    "serving_state": "",
                    "timeout_seconds": 300,
                    "volumes": []
                  }
                ]
              }
            ],
            "timeouts": null,
            "traffic": [
              {
                "latest_revision": true,
                "percent": 100,
                "revision_name": "",
                "tag": "",
                "url": ""
              }
            ]
          },
          "sensitive_attributes": [],
          "private": "eyJlMmJmYjczMC1lY2FhLTExZTYtOGY4OC0zNDM2M2JjN2M0YzAiOnsiY3JlYXRlIjoxMjAwMDAwMDAwMDAwLCJkZWxldGUiOjEyMDAwMDAwMDAwMDAsInVwZGF0ZSI6MTIwMDAwMDAwMDAwMH0sInNjaGVtYV92ZXJzaW9uIjoiMSJ9",
          "dependencies": [
            "module.run_service.google_service_account.run"
          ]
        }
      ]
    },
    {
      "module": "module.run_service",
      "mode": "managed",
      "type": "google_service_account",
      "name": "run",
      "provider": "provider[\"registry.terraform.io/hashicorp/google\"]",
      "instances": [
        {
          "schema_version": 0,
          "attributes": {
            "account_id": "channel-flow-svc-sa",
            "description": "",
            "disabled": false,
            "display_name": "Service Account for channel-flow-svc.",
            "email": "channel-flow-svc-sa@channel-flow-2.iam.gserviceaccount.com",
            "id": "projects/channel-flow-2/serviceAccounts/channel-flow-svc-sa@channel-flow-2.iam.gserviceaccount.com",
            "member": "serviceAccount:channel-flow-svc-sa@channel-flow-2.iam.gserviceaccount.com",
            "name": "projects/channel-flow-2/serviceAccounts/channel-flow-svc-sa@channel-flow-2.iam.gserviceaccount.com",
            "project": "channel-flow-2",
            "timeouts": null,
            "unique_id": "105554356436004530366"
          },
          "sensitive_attributes": [],
          "private": "eyJlMmJmYjczMC1lY2FhLTExZTYtOGY4OC0zNDM2M2JjN2M0YzAiOnsiY3JlYXRlIjozMDAwMDAwMDAwMDB9fQ=="
        }
      ]
    }
  ],
  "check_results": null
}
